
Microsoft Visual Studio Solution File, Format Version 9.00
# Visual Studio 2005
Project("{E24C65DC-7377-472B-9ABA-BC803B73C61A}") = "C:\...\Servicios\", "Servicios", "{75F00079-7B60-4745-9F71-6225387A9F18}"
	ProjectSection(WebsiteProperties) = preProject
		SccProjectName = ""$/ROUTE 2005/Servicios", APPAAAAA"
		SccAuxPath = ""
		SccLocalPath = "."
		SccProvider = "MSSCCI:Microsoft Visual SourceSafe"
		Debug.AspNetCompiler.VirtualPath = "/Servicios"
		Debug.AspNetCompiler.PhysicalPath = "..\..\..\..\..\..\Desarrollo\Route 2005\Servicios\"
		Debug.AspNetCompiler.TargetPath = "PrecompiledWeb\Servicios\"
		Debug.AspNetCompiler.Updateable = "true"
		Debug.AspNetCompiler.ForceOverwrite = "true"
		Debug.AspNetCompiler.FixedNames = "false"
		Debug.AspNetCompiler.Debug = "True"
		Release.AspNetCompiler.VirtualPath = "/Servicios"
		Release.AspNetCompiler.PhysicalPath = "..\..\..\..\..\..\Desarrollo\Route 2005\Servicios\"
		Release.AspNetCompiler.TargetPath = "PrecompiledWeb\Servicios\"
		Release.AspNetCompiler.Updateable = "true"
		Release.AspNetCompiler.ForceOverwrite = "true"
		Release.AspNetCompiler.FixedNames = "false"
		Release.AspNetCompiler.Debug = "False"
		VWDPort = "7324"
	EndProjectSection
EndProject
Global
	GlobalSection(SourceCodeControl) = preSolution
		SccNumberOfProjects = 2
		SccLocalPath0 = .
		SccWebProject1 = true
		SccProjectUniqueName1 = Servicios
		SccProjectName1 = \u0022$/ROUTE\u00202005/Servicios\u0022,\u0020APPAAAAA
		SccLocalPath1 = C:\\Documents\u0020and\u0020Settings\\iaviles\\Mis\u0020documentos\\Amesol\\Projectos\\ServiceCentral2\\Servicios\\Servicios\\Servicios\\Servicios\\
		SccProjectEnlistmentChoice1 = 2
	EndGlobalSection
	GlobalSection(SolutionConfigurationPlatforms) = preSolution
		Debug|.NET = Debug|.NET
		Release|.NET = Release|.NET
	EndGlobalSection
	GlobalSection(ProjectConfigurationPlatforms) = postSolution
		{75F00079-7B60-4745-9F71-6225387A9F18}.Debug|.NET.ActiveCfg = Debug|.NET
		{75F00079-7B60-4745-9F71-6225387A9F18}.Debug|.NET.Build.0 = Debug|.NET
		{75F00079-7B60-4745-9F71-6225387A9F18}.Release|.NET.ActiveCfg = Debug|.NET
		{75F00079-7B60-4745-9F71-6225387A9F18}.Release|.NET.Build.0 = Debug|.NET
	EndGlobalSection
	GlobalSection(SolutionProperties) = preSolution
		HideSolutionNode = FALSE
	EndGlobalSection
EndGlobal
