
Microsoft Visual Studio Solution File, Format Version 12.00
# Visual Studio Version 16
VisualStudioVersion = 16.0.29409.12
MinimumVisualStudioVersion = 10.0.40219.1
Project("{FAE04EC0-301F-11D3-BF4B-00C04F79EFBC}") = "RouteCloud", "RouteCloud\RouteCloud.csproj", "{795C236B-A5DC-4C8E-87AE-21666F9B6066}"
EndProject
Global
	GlobalSection(SolutionConfigurationPlatforms) = preSolution
		Debug|Any CPU = Debug|Any CPU
		Release|Any CPU = Release|Any CPU
	EndGlobalSection
	GlobalSection(ProjectConfigurationPlatforms) = postSolution
		{795C236B-A5DC-4C8E-87AE-21666F9B6066}.Debug|Any CPU.ActiveCfg = Debug|Any CPU
		{795C236B-A5DC-4C8E-87AE-21666F9B6066}.Debug|Any CPU.Build.0 = Debug|Any CPU
		{795C236B-A5DC-4C8E-87AE-21666F9B6066}.Release|Any CPU.ActiveCfg = Release|Any CPU
		{795C236B-A5DC-4C8E-87AE-21666F9B6066}.Release|Any CPU.Build.0 = Release|Any CPU
	EndGlobalSection
	GlobalSection(SolutionProperties) = preSolution
		HideSolutionNode = FALSE
	EndGlobalSection
	GlobalSection(ExtensibilityGlobals) = postSolution
		SolutionGuid = {8FBFC79D-98E7-42B3-A6F5-1ADA53951169}
	EndGlobalSection
EndGlobal
