
Microsoft Visual Studio Solution File, Format Version 11.00
# Visual Studio 2010
Project("{F14B399A-7131-4C87-9E4B-1186C45EF12D}") = "Effort", "Effort\Effort.rptproj", "{A7463E05-15B1-4533-9A74-442C50C61501}"
EndProject
Global
	GlobalSection(SolutionConfigurationPlatforms) = preSolution
		Debug|Default = Debug|Default
		DebugLocal|Default = DebugLocal|Default
		Release|Default = Release|Default
	EndGlobalSection
	GlobalSection(ProjectConfigurationPlatforms) = postSolution
		{A7463E05-15B1-4533-9A74-442C50C61501}.Debug|Default.ActiveCfg = Debug
		{A7463E05-15B1-4533-9A74-442C50C61501}.Debug|Default.Build.0 = DebugLocal
		{A7463E05-15B1-4533-9A74-442C50C61501}.Debug|Default.Deploy.0 = DebugLocal
		{A7463E05-15B1-4533-9A74-442C50C61501}.DebugLocal|Default.ActiveCfg = DebugLocal
		{A7463E05-15B1-4533-9A74-442C50C61501}.DebugLocal|Default.Build.0 = DebugLocal
		{A7463E05-15B1-4533-9A74-442C50C61501}.Release|Default.ActiveCfg = Release
		{A7463E05-15B1-4533-9A74-442C50C61501}.Release|Default.Build.0 = Release
		{A7463E05-15B1-4533-9A74-442C50C61501}.Release|Default.Deploy.0 = Release
	EndGlobalSection
	GlobalSection(SolutionProperties) = preSolution
		HideSolutionNode = FALSE
	EndGlobalSection
EndGlobal
