
Microsoft Visual Studio Solution File, Format Version 12.00
# Visual Studio 2012
Project("{FAE04EC0-301F-11D3-BF4B-00C04F79EFBC}") = "Effort", "Effort\Effort.csproj", "{4AFE5EFD-3517-48FD-B577-60F5FCCEE193}"
EndProject
Global
	GlobalSection(SolutionConfigurationPlatforms) = preSolution
		Debug|Any CPU = Debug|Any CPU
		Release|Any CPU = Release|Any CPU
	EndGlobalSection
	GlobalSection(ProjectConfigurationPlatforms) = postSolution
		{4AFE5EFD-3517-48FD-B577-60F5FCCEE193}.Debug|Any CPU.ActiveCfg = Debug|Any CPU
		{4AFE5EFD-3517-48FD-B577-60F5FCCEE193}.Debug|Any CPU.Build.0 = Debug|Any CPU
		{4AFE5EFD-3517-48FD-B577-60F5FCCEE193}.Release|Any CPU.ActiveCfg = Release|Any CPU
		{4AFE5EFD-3517-48FD-B577-60F5FCCEE193}.Release|Any CPU.Build.0 = Release|Any CPU
	EndGlobalSection
	GlobalSection(SolutionProperties) = preSolution
		HideSolutionNode = FALSE
	EndGlobalSection
EndGlobal
