
Microsoft Visual Studio Solution File, Format Version 10.00
# Visual Studio 2008
Project("{FAE04EC0-301F-11D3-BF4B-00C04F79EFBC}") = "RegistroTiemposLaborales", "RegistroTiemposLaborales\RegistroTiemposLaborales.csproj", "{8EC3E9BD-B3B6-435A-9A66-CEE797031AE4}"
EndProject
Global
	GlobalSection(SubversionScc) = preSolution
		Svn-Managed = True
		Manager = AnkhSVN - Subversion Support for Visual Studio
	EndGlobalSection
	GlobalSection(SolutionConfigurationPlatforms) = preSolution
		Debug|Any CPU = Debug|Any CPU
		Release|Any CPU = Release|Any CPU
	EndGlobalSection
	GlobalSection(ProjectConfigurationPlatforms) = postSolution
		{8EC3E9BD-B3B6-435A-9A66-CEE797031AE4}.Debug|Any CPU.ActiveCfg = Debug|Any CPU
		{8EC3E9BD-B3B6-435A-9A66-CEE797031AE4}.Debug|Any CPU.Build.0 = Debug|Any CPU
		{8EC3E9BD-B3B6-435A-9A66-CEE797031AE4}.Release|Any CPU.ActiveCfg = Release|Any CPU
		{8EC3E9BD-B3B6-435A-9A66-CEE797031AE4}.Release|Any CPU.Build.0 = Release|Any CPU
	EndGlobalSection
	GlobalSection(SolutionProperties) = preSolution
		HideSolutionNode = FALSE
	EndGlobalSection
EndGlobal
